
Microsoft Visual Studio Solution File, Format Version 12.00
# Visual Studio 15
VisualStudioVersion = 15.0.27428.2027
MinimumVisualStudioVersion = 10.0.40219.1
Project("{FAE04EC0-301F-11D3-BF4B-00C04F79EFBC}") = "SQL Forbindelse", "SQL Forbindelse\SQL Forbindelse.csproj", "{36047610-4E5C-4E58-BBEA-33C0EE642EEF}"
EndProject
Global
	GlobalSection(SolutionConfigurationPlatforms) = preSolution
		Debug|Any CPU = Debug|Any CPU
		Release|Any CPU = Release|Any CPU
	EndGlobalSection
	GlobalSection(ProjectConfigurationPlatforms) = postSolution
		{36047610-4E5C-4E58-BBEA-33C0EE642EEF}.Debug|Any CPU.ActiveCfg = Debug|Any CPU
		{36047610-4E5C-4E58-BBEA-33C0EE642EEF}.Debug|Any CPU.Build.0 = Debug|Any CPU
		{36047610-4E5C-4E58-BBEA-33C0EE642EEF}.Release|Any CPU.ActiveCfg = Release|Any CPU
		{36047610-4E5C-4E58-BBEA-33C0EE642EEF}.Release|Any CPU.Build.0 = Release|Any CPU
	EndGlobalSection
	GlobalSection(SolutionProperties) = preSolution
		HideSolutionNode = FALSE
	EndGlobalSection
	GlobalSection(ExtensibilityGlobals) = postSolution
		SolutionGuid = {9D61EEC8-70F6-4839-8DAF-1CDA08C6C1D6}
	EndGlobalSection
EndGlobal
